{
  "name": "wisp-server",
  "version": "1.0.0",
  "lockfileVersion": 3,
  "requires": true,
  "packages": {
    "": {
      "name": "wisp-server",
      "version": "1.0.0",
      "license": "ISC",
      "dependencies": {
        "@mercuryworkshop/wisp-js": "^0.4.1"
      }
    },
    "node_modules/@mercuryworkshop/wisp-js": {
      "version": "0.4.1",
      "resolved": "https://registry.npmjs.org/@mercurywork>
      "integrity": "sha512-104LwiXiuhti/e32gmv0Da0u0yuLFDH>
      "license": "AGPL-3.0",
      "dependencies": {
        "bufferutil": "^4.0.9",
        "commander": "^14.0.2",
        "ipaddr.js": "^2.3.0",
        "ws": "^8.18.3"
      },
      "bin": {
        "wisp-js-server": "src/bin/server_cli.mjs"
      }
    },
    "node_modules/bufferutil": {
